
Microsoft Visual Studio Solution File, Format Version 12.00
# Visual Studio 14
VisualStudioVersion = 14.0.25420.1
MinimumVisualStudioVersion = 10.0.40219.1
Project("{FAE04EC0-301F-11D3-BF4B-00C04F79EFBC}") = "01.Tubes", "01.Tubes\01.Tubes.csproj", "{EF7C8174-6CA2-40ED-95C2-57C02529E40B}"
EndProject
Project("{FAE04EC0-301F-11D3-BF4B-00C04F79EFBC}") = "02.Guitar", "02.Brackets\02.Guitar.csproj", "{FD258FB9-9CCB-47AD-B4A8-5FBB6522CD8A}"
EndProject
Project("{FAE04EC0-301F-11D3-BF4B-00C04F79EFBC}") = "03.Indices", "03.Indices\03.Indices.csproj", "{0AB9D615-CB81-4F5B-AC23-8AED6A62C949}"
EndProject
Project("{FAE04EC0-301F-11D3-BF4B-00C04F79EFBC}") = "04.9GagNumbers", "04.9GagNumbers\04.9GagNumbers.csproj", "{1551A680-6F30-42AA-A4E2-0740160A4723}"
EndProject
Project("{FAE04EC0-301F-11D3-BF4B-00C04F79EFBC}") = "05.SpecialValue", "05.SpecialValue\05.SpecialValue.csproj", "{992A8532-F0FA-4010-90D6-6EA04B041598}"
EndProject
Project("{FAE04EC0-301F-11D3-BF4B-00C04F79EFBC}") = "06.ThreeInOne", "06.ThreeInOne\06.ThreeInOne.csproj", "{F9D64F34-BDE0-48F2-8F69-FF6EAD0E1CCA}"
EndProject
Project("{FAE04EC0-301F-11D3-BF4B-00C04F79EFBC}") = "07.Brackets", "07.Brackets\07.Brackets.csproj", "{38D374D1-1B2C-432A-9A49-14E569927850}"
EndProject
Project("{FAE04EC0-301F-11D3-BF4B-00C04F79EFBC}") = "08.BasicLanguage", "08.BasicLanguage\08.BasicLanguage.csproj", "{D407EB41-9DE0-4921-A465-1B50A913FBB0}"
EndProject
Project("{FAE04EC0-301F-11D3-BF4B-00C04F79EFBC}") = "09.Employees", "09.Employees\09.Employees.csproj", "{FD571F29-C1CA-49E3-A866-653FF357C321}"
EndProject
Project("{FAE04EC0-301F-11D3-BF4B-00C04F79EFBC}") = "10.FTML", "10.FTML\10.FTML.csproj", "{3F16A6C4-6E7B-4E46-98AA-2246764854D0}"
EndProject
Project("{FAE04EC0-301F-11D3-BF4B-00C04F79EFBC}") = "11.ConsoleJustification", "11.ConsoleJustification\11.ConsoleJustification.csproj", "{09964329-DFAC-4089-94C8-C827817DE06E}"
EndProject
Project("{FAE04EC0-301F-11D3-BF4B-00C04F79EFBC}") = "12.3DLines", "12.3DLines\12.3DLines.csproj", "{B45BCE7F-59E1-4D2A-BEBC-C6BA71EEF52C}"
EndProject
Project("{FAE04EC0-301F-11D3-BF4B-00C04F79EFBC}") = "13.Slides", "13.BombingCuboids\13.Slides.csproj", "{82DC7ADC-D0EF-4F40-AFC6-59970BD68BA0}"
EndProject
Project("{FAE04EC0-301F-11D3-BF4B-00C04F79EFBC}") = "14.3DStars", "14.3DStars\14.3DStars.csproj", "{BE89A283-6B2F-44D5-AA59-23D625DBF3D3}"
EndProject
Project("{FAE04EC0-301F-11D3-BF4B-00C04F79EFBC}") = "15.DurankulakNumbers", "15.DurankulakNumbers\15.DurankulakNumbers.csproj", "{09A63A38-89EA-4008-A843-2B3C18DA106B}"
EndProject
Project("{FAE04EC0-301F-11D3-BF4B-00C04F79EFBC}") = "16.GenomeDecoder", "16.GenomeDecoder\16.GenomeDecoder.csproj", "{75612062-FB91-4F70-A09D-951C04F87FA8}"
EndProject
Project("{FAE04EC0-301F-11D3-BF4B-00C04F79EFBC}") = "17.TwoIsBetterThanOne", "17.TwoIsBetterThanOne\17.TwoIsBetterThanOne.csproj", "{FFEAE3E9-5474-4136-A8FC-5015A2E5F65B}"
EndProject
Project("{FAE04EC0-301F-11D3-BF4B-00C04F79EFBC}") = "18.KaspichanNumbers", "18.KaspichanNumbers\18.KaspichanNumbers.csproj", "{A422AED0-9D4A-45F4-9B38-0F03FAF83CC5}"
EndProject
Project("{FAE04EC0-301F-11D3-BF4B-00C04F79EFBC}") = "19.GreedyDwarf", "19.GreedyDwarf\19.GreedyDwarf.csproj", "{27D444E4-9037-42A8-B9E2-C87F8F8C43F0}"
EndProject
Project("{FAE04EC0-301F-11D3-BF4B-00C04F79EFBC}") = "20.JoroTheRabbit", "20.JoroTheRabbit\20.JoroTheRabbit.csproj", "{E6E67C10-D1CD-4D53-BFCB-951F9B9D8389}"
EndProject
Project("{FAE04EC0-301F-11D3-BF4B-00C04F79EFBC}") = "21.Laser", "21.Laser\21.Laser.csproj", "{1722C9FA-30E8-4BDB-BC22-D52F8697D6E5}"
EndProject
Project("{FAE04EC0-301F-11D3-BF4B-00C04F79EFBC}") = "22.BombingCuboids", "22.BombingCuboids\22.BombingCuboids.csproj", "{6C158798-F091-4DF4-B3FB-8D14E345986D}"
EndProject
Project("{FAE04EC0-301F-11D3-BF4B-00C04F79EFBC}") = "23.Stars", "23.Stars\23.Stars.csproj", "{DDB21131-2CB8-4724-9B1F-5C84D94BD1F3}"
EndProject
Global
	GlobalSection(SolutionConfigurationPlatforms) = preSolution
		Debug|Any CPU = Debug|Any CPU
		Release|Any CPU = Release|Any CPU
	EndGlobalSection
	GlobalSection(ProjectConfigurationPlatforms) = postSolution
		{EF7C8174-6CA2-40ED-95C2-57C02529E40B}.Debug|Any CPU.ActiveCfg = Debug|Any CPU
		{EF7C8174-6CA2-40ED-95C2-57C02529E40B}.Debug|Any CPU.Build.0 = Debug|Any CPU
		{EF7C8174-6CA2-40ED-95C2-57C02529E40B}.Release|Any CPU.ActiveCfg = Release|Any CPU
		{EF7C8174-6CA2-40ED-95C2-57C02529E40B}.Release|Any CPU.Build.0 = Release|Any CPU
		{FD258FB9-9CCB-47AD-B4A8-5FBB6522CD8A}.Debug|Any CPU.ActiveCfg = Debug|Any CPU
		{FD258FB9-9CCB-47AD-B4A8-5FBB6522CD8A}.Debug|Any CPU.Build.0 = Debug|Any CPU
		{FD258FB9-9CCB-47AD-B4A8-5FBB6522CD8A}.Release|Any CPU.ActiveCfg = Release|Any CPU
		{FD258FB9-9CCB-47AD-B4A8-5FBB6522CD8A}.Release|Any CPU.Build.0 = Release|Any CPU
		{0AB9D615-CB81-4F5B-AC23-8AED6A62C949}.Debug|Any CPU.ActiveCfg = Debug|Any CPU
		{0AB9D615-CB81-4F5B-AC23-8AED6A62C949}.Debug|Any CPU.Build.0 = Debug|Any CPU
		{0AB9D615-CB81-4F5B-AC23-8AED6A62C949}.Release|Any CPU.ActiveCfg = Release|Any CPU
		{0AB9D615-CB81-4F5B-AC23-8AED6A62C949}.Release|Any CPU.Build.0 = Release|Any CPU
		{1551A680-6F30-42AA-A4E2-0740160A4723}.Debug|Any CPU.ActiveCfg = Debug|Any CPU
		{1551A680-6F30-42AA-A4E2-0740160A4723}.Debug|Any CPU.Build.0 = Debug|Any CPU
		{1551A680-6F30-42AA-A4E2-0740160A4723}.Release|Any CPU.ActiveCfg = Release|Any CPU
		{1551A680-6F30-42AA-A4E2-0740160A4723}.Release|Any CPU.Build.0 = Release|Any CPU
		{992A8532-F0FA-4010-90D6-6EA04B041598}.Debug|Any CPU.ActiveCfg = Debug|Any CPU
		{992A8532-F0FA-4010-90D6-6EA04B041598}.Debug|Any CPU.Build.0 = Debug|Any CPU
		{992A8532-F0FA-4010-90D6-6EA04B041598}.Release|Any CPU.ActiveCfg = Release|Any CPU
		{992A8532-F0FA-4010-90D6-6EA04B041598}.Release|Any CPU.Build.0 = Release|Any CPU
		{F9D64F34-BDE0-48F2-8F69-FF6EAD0E1CCA}.Debug|Any CPU.ActiveCfg = Debug|Any CPU
		{F9D64F34-BDE0-48F2-8F69-FF6EAD0E1CCA}.Debug|Any CPU.Build.0 = Debug|Any CPU
		{F9D64F34-BDE0-48F2-8F69-FF6EAD0E1CCA}.Release|Any CPU.ActiveCfg = Release|Any CPU
		{F9D64F34-BDE0-48F2-8F69-FF6EAD0E1CCA}.Release|Any CPU.Build.0 = Release|Any CPU
		{38D374D1-1B2C-432A-9A49-14E569927850}.Debug|Any CPU.ActiveCfg = Debug|Any CPU
		{38D374D1-1B2C-432A-9A49-14E569927850}.Debug|Any CPU.Build.0 = Debug|Any CPU
		{38D374D1-1B2C-432A-9A49-14E569927850}.Release|Any CPU.ActiveCfg = Release|Any CPU
		{38D374D1-1B2C-432A-9A49-14E569927850}.Release|Any CPU.Build.0 = Release|Any CPU
		{D407EB41-9DE0-4921-A465-1B50A913FBB0}.Debug|Any CPU.ActiveCfg = Debug|Any CPU
		{D407EB41-9DE0-4921-A465-1B50A913FBB0}.Debug|Any CPU.Build.0 = Debug|Any CPU
		{D407EB41-9DE0-4921-A465-1B50A913FBB0}.Release|Any CPU.ActiveCfg = Release|Any CPU
		{D407EB41-9DE0-4921-A465-1B50A913FBB0}.Release|Any CPU.Build.0 = Release|Any CPU
		{FD571F29-C1CA-49E3-A866-653FF357C321}.Debug|Any CPU.ActiveCfg = Debug|Any CPU
		{FD571F29-C1CA-49E3-A866-653FF357C321}.Debug|Any CPU.Build.0 = Debug|Any CPU
		{FD571F29-C1CA-49E3-A866-653FF357C321}.Release|Any CPU.ActiveCfg = Release|Any CPU
		{FD571F29-C1CA-49E3-A866-653FF357C321}.Release|Any CPU.Build.0 = Release|Any CPU
		{3F16A6C4-6E7B-4E46-98AA-2246764854D0}.Debug|Any CPU.ActiveCfg = Debug|Any CPU
		{3F16A6C4-6E7B-4E46-98AA-2246764854D0}.Debug|Any CPU.Build.0 = Debug|Any CPU
		{3F16A6C4-6E7B-4E46-98AA-2246764854D0}.Release|Any CPU.ActiveCfg = Release|Any CPU
		{3F16A6C4-6E7B-4E46-98AA-2246764854D0}.Release|Any CPU.Build.0 = Release|Any CPU
		{09964329-DFAC-4089-94C8-C827817DE06E}.Debug|Any CPU.ActiveCfg = Debug|Any CPU
		{09964329-DFAC-4089-94C8-C827817DE06E}.Debug|Any CPU.Build.0 = Debug|Any CPU
		{09964329-DFAC-4089-94C8-C827817DE06E}.Release|Any CPU.ActiveCfg = Release|Any CPU
		{09964329-DFAC-4089-94C8-C827817DE06E}.Release|Any CPU.Build.0 = Release|Any CPU
		{B45BCE7F-59E1-4D2A-BEBC-C6BA71EEF52C}.Debug|Any CPU.ActiveCfg = Debug|Any CPU
		{B45BCE7F-59E1-4D2A-BEBC-C6BA71EEF52C}.Debug|Any CPU.Build.0 = Debug|Any CPU
		{B45BCE7F-59E1-4D2A-BEBC-C6BA71EEF52C}.Release|Any CPU.ActiveCfg = Release|Any CPU
		{B45BCE7F-59E1-4D2A-BEBC-C6BA71EEF52C}.Release|Any CPU.Build.0 = Release|Any CPU
		{82DC7ADC-D0EF-4F40-AFC6-59970BD68BA0}.Debug|Any CPU.ActiveCfg = Debug|Any CPU
		{82DC7ADC-D0EF-4F40-AFC6-59970BD68BA0}.Debug|Any CPU.Build.0 = Debug|Any CPU
		{82DC7ADC-D0EF-4F40-AFC6-59970BD68BA0}.Release|Any CPU.ActiveCfg = Release|Any CPU
		{82DC7ADC-D0EF-4F40-AFC6-59970BD68BA0}.Release|Any CPU.Build.0 = Release|Any CPU
		{BE89A283-6B2F-44D5-AA59-23D625DBF3D3}.Debug|Any CPU.ActiveCfg = Debug|Any CPU
		{BE89A283-6B2F-44D5-AA59-23D625DBF3D3}.Debug|Any CPU.Build.0 = Debug|Any CPU
		{BE89A283-6B2F-44D5-AA59-23D625DBF3D3}.Release|Any CPU.ActiveCfg = Release|Any CPU
		{BE89A283-6B2F-44D5-AA59-23D625DBF3D3}.Release|Any CPU.Build.0 = Release|Any CPU
		{09A63A38-89EA-4008-A843-2B3C18DA106B}.Debug|Any CPU.ActiveCfg = Debug|Any CPU
		{09A63A38-89EA-4008-A843-2B3C18DA106B}.Debug|Any CPU.Build.0 = Debug|Any CPU
		{09A63A38-89EA-4008-A843-2B3C18DA106B}.Release|Any CPU.ActiveCfg = Release|Any CPU
		{09A63A38-89EA-4008-A843-2B3C18DA106B}.Release|Any CPU.Build.0 = Release|Any CPU
		{75612062-FB91-4F70-A09D-951C04F87FA8}.Debug|Any CPU.ActiveCfg = Debug|Any CPU
		{75612062-FB91-4F70-A09D-951C04F87FA8}.Debug|Any CPU.Build.0 = Debug|Any CPU
		{75612062-FB91-4F70-A09D-951C04F87FA8}.Release|Any CPU.ActiveCfg = Release|Any CPU
		{75612062-FB91-4F70-A09D-951C04F87FA8}.Release|Any CPU.Build.0 = Release|Any CPU
		{FFEAE3E9-5474-4136-A8FC-5015A2E5F65B}.Debug|Any CPU.ActiveCfg = Debug|Any CPU
		{FFEAE3E9-5474-4136-A8FC-5015A2E5F65B}.Debug|Any CPU.Build.0 = Debug|Any CPU
		{FFEAE3E9-5474-4136-A8FC-5015A2E5F65B}.Release|Any CPU.ActiveCfg = Release|Any CPU
		{FFEAE3E9-5474-4136-A8FC-5015A2E5F65B}.Release|Any CPU.Build.0 = Release|Any CPU
		{A422AED0-9D4A-45F4-9B38-0F03FAF83CC5}.Debug|Any CPU.ActiveCfg = Debug|Any CPU
		{A422AED0-9D4A-45F4-9B38-0F03FAF83CC5}.Debug|Any CPU.Build.0 = Debug|Any CPU
		{A422AED0-9D4A-45F4-9B38-0F03FAF83CC5}.Release|Any CPU.ActiveCfg = Release|Any CPU
		{A422AED0-9D4A-45F4-9B38-0F03FAF83CC5}.Release|Any CPU.Build.0 = Release|Any CPU
		{27D444E4-9037-42A8-B9E2-C87F8F8C43F0}.Debug|Any CPU.ActiveCfg = Debug|Any CPU
		{27D444E4-9037-42A8-B9E2-C87F8F8C43F0}.Debug|Any CPU.Build.0 = Debug|Any CPU
		{27D444E4-9037-42A8-B9E2-C87F8F8C43F0}.Release|Any CPU.ActiveCfg = Release|Any CPU
		{27D444E4-9037-42A8-B9E2-C87F8F8C43F0}.Release|Any CPU.Build.0 = Release|Any CPU
		{E6E67C10-D1CD-4D53-BFCB-951F9B9D8389}.Debug|Any CPU.ActiveCfg = Debug|Any CPU
		{E6E67C10-D1CD-4D53-BFCB-951F9B9D8389}.Debug|Any CPU.Build.0 = Debug|Any CPU
		{E6E67C10-D1CD-4D53-BFCB-951F9B9D8389}.Release|Any CPU.ActiveCfg = Release|Any CPU
		{E6E67C10-D1CD-4D53-BFCB-951F9B9D8389}.Release|Any CPU.Build.0 = Release|Any CPU
		{1722C9FA-30E8-4BDB-BC22-D52F8697D6E5}.Debug|Any CPU.ActiveCfg = Debug|Any CPU
		{1722C9FA-30E8-4BDB-BC22-D52F8697D6E5}.Debug|Any CPU.Build.0 = Debug|Any CPU
		{1722C9FA-30E8-4BDB-BC22-D52F8697D6E5}.Release|Any CPU.ActiveCfg = Release|Any CPU
		{1722C9FA-30E8-4BDB-BC22-D52F8697D6E5}.Release|Any CPU.Build.0 = Release|Any CPU
		{6C158798-F091-4DF4-B3FB-8D14E345986D}.Debug|Any CPU.ActiveCfg = Debug|Any CPU
		{6C158798-F091-4DF4-B3FB-8D14E345986D}.Debug|Any CPU.Build.0 = Debug|Any CPU
		{6C158798-F091-4DF4-B3FB-8D14E345986D}.Release|Any CPU.ActiveCfg = Release|Any CPU
		{6C158798-F091-4DF4-B3FB-8D14E345986D}.Release|Any CPU.Build.0 = Release|Any CPU
		{DDB21131-2CB8-4724-9B1F-5C84D94BD1F3}.Debug|Any CPU.ActiveCfg = Debug|Any CPU
		{DDB21131-2CB8-4724-9B1F-5C84D94BD1F3}.Debug|Any CPU.Build.0 = Debug|Any CPU
		{DDB21131-2CB8-4724-9B1F-5C84D94BD1F3}.Release|Any CPU.ActiveCfg = Release|Any CPU
		{DDB21131-2CB8-4724-9B1F-5C84D94BD1F3}.Release|Any CPU.Build.0 = Release|Any CPU
	EndGlobalSection
	GlobalSection(SolutionProperties) = preSolution
		HideSolutionNode = FALSE
	EndGlobalSection
EndGlobal
